
Microsoft Visual Studio Solution File, Format Version 12.00
# Visual Studio Version 16
VisualStudioVersion = 16.0.29519.87
MinimumVisualStudioVersion = 10.0.40219.1
Project("{8BC9CEB8-8B4A-11D0-8D11-00A0C91BC942}") = "Encryption V2", "Encryption V2\Encryption V2.vcxproj", "{3AF97663-868C-4053-BE6D-028B83FD9FA2}"
EndProject
Global
	GlobalSection(SolutionConfigurationPlatforms) = preSolution
		Debug|x64 = Debug|x64
		Debug|x86 = Debug|x86
		Release|x64 = Release|x64
		Release|x86 = Release|x86
	EndGlobalSection
	GlobalSection(ProjectConfigurationPlatforms) = postSolution
		{3AF97663-868C-4053-BE6D-028B83FD9FA2}.Debug|x64.ActiveCfg = Debug|x64
		{3AF97663-868C-4053-BE6D-028B83FD9FA2}.Debug|x64.Build.0 = Debug|x64
		{3AF97663-868C-4053-BE6D-028B83FD9FA2}.Debug|x86.ActiveCfg = Debug|Win32
		{3AF97663-868C-4053-BE6D-028B83FD9FA2}.Debug|x86.Build.0 = Debug|Win32
		{3AF97663-868C-4053-BE6D-028B83FD9FA2}.Release|x64.ActiveCfg = Release|x64
		{3AF97663-868C-4053-BE6D-028B83FD9FA2}.Release|x64.Build.0 = Release|x64
		{3AF97663-868C-4053-BE6D-028B83FD9FA2}.Release|x86.ActiveCfg = Release|Win32
		{3AF97663-868C-4053-BE6D-028B83FD9FA2}.Release|x86.Build.0 = Release|Win32
	EndGlobalSection
	GlobalSection(SolutionProperties) = preSolution
		HideSolutionNode = FALSE
	EndGlobalSection
	GlobalSection(ExtensibilityGlobals) = postSolution
		SolutionGuid = {6C73FAE5-516D-4674-9F1A-DC5BC742804E}
	EndGlobalSection
EndGlobal
